
Microsoft Visual Studio Solution File, Format Version 12.00
# Visual Studio Version 17
VisualStudioVersion = 17.11.35312.102
MinimumVisualStudioVersion = 10.0.40219.1
Project("{FAE04EC0-301F-11D3-BF4B-00C04F79EFBC}") = "BilgeHotel", "BilgeHotel\BilgeHotel.csproj", "{73F8DBD7-EC2F-4A68-9429-280A4AEE8DCF}"
EndProject
Global
	GlobalSection(SolutionConfigurationPlatforms) = preSolution
		Debug|Any CPU = Debug|Any CPU
		Release|Any CPU = Release|Any CPU
	EndGlobalSection
	GlobalSection(ProjectConfigurationPlatforms) = postSolution
		{73F8DBD7-EC2F-4A68-9429-280A4AEE8DCF}.Debug|Any CPU.ActiveCfg = Debug|Any CPU
		{73F8DBD7-EC2F-4A68-9429-280A4AEE8DCF}.Debug|Any CPU.Build.0 = Debug|Any CPU
		{73F8DBD7-EC2F-4A68-9429-280A4AEE8DCF}.Release|Any CPU.ActiveCfg = Release|Any CPU
		{73F8DBD7-EC2F-4A68-9429-280A4AEE8DCF}.Release|Any CPU.Build.0 = Release|Any CPU
	EndGlobalSection
	GlobalSection(SolutionProperties) = preSolution
		HideSolutionNode = FALSE
	EndGlobalSection
	GlobalSection(ExtensibilityGlobals) = postSolution
		SolutionGuid = {A41A6D5C-0149-47FA-9D47-973420F24CCA}
	EndGlobalSection
EndGlobal
